
Microsoft Visual Studio Solution File, Format Version 12.00
# Visual Studio Version 16
VisualStudioVersion = 16.0.30225.117
MinimumVisualStudioVersion = 10.0.40219.1
Project("{FAE04EC0-301F-11D3-BF4B-00C04F79EFBC}") = "NUnitTestProject1", "NUnitTestProject1.csproj", "{42741188-784E-4F64-8E49-B08C23D14A21}"
EndProject
Global
	GlobalSection(SolutionConfigurationPlatforms) = preSolution
		Debug|Any CPU = Debug|Any CPU
		Release|Any CPU = Release|Any CPU
	EndGlobalSection
	GlobalSection(ProjectConfigurationPlatforms) = postSolution
		{42741188-784E-4F64-8E49-B08C23D14A21}.Debug|Any CPU.ActiveCfg = Debug|Any CPU
		{42741188-784E-4F64-8E49-B08C23D14A21}.Debug|Any CPU.Build.0 = Debug|Any CPU
		{42741188-784E-4F64-8E49-B08C23D14A21}.Release|Any CPU.ActiveCfg = Release|Any CPU
		{42741188-784E-4F64-8E49-B08C23D14A21}.Release|Any CPU.Build.0 = Release|Any CPU
	EndGlobalSection
	GlobalSection(SolutionProperties) = preSolution
		HideSolutionNode = FALSE
	EndGlobalSection
	GlobalSection(ExtensibilityGlobals) = postSolution
		SolutionGuid = {F9D3AE61-76B6-4AD9-AE1C-EE4D1F5A7052}
	EndGlobalSection
EndGlobal
